
Microsoft Visual Studio Solution File, Format Version 12.00
# Visual Studio 15
VisualStudioVersion = 15.0.28307.271
MinimumVisualStudioVersion = 10.0.40219.1
Project("{FAE04EC0-301F-11D3-BF4B-00C04F79EFBC}") = "WcfService1", "WcfService1\WcfService1.csproj", "{449726C6-ABD9-4E4A-9E14-55461AEAAFC7}"
EndProject
Global
	GlobalSection(SolutionConfigurationPlatforms) = preSolution
		Debug|Any CPU = Debug|Any CPU
		Release|Any CPU = Release|Any CPU
	EndGlobalSection
	GlobalSection(ProjectConfigurationPlatforms) = postSolution
		{449726C6-ABD9-4E4A-9E14-55461AEAAFC7}.Debug|Any CPU.ActiveCfg = Debug|Any CPU
		{449726C6-ABD9-4E4A-9E14-55461AEAAFC7}.Debug|Any CPU.Build.0 = Debug|Any CPU
		{449726C6-ABD9-4E4A-9E14-55461AEAAFC7}.Release|Any CPU.ActiveCfg = Release|Any CPU
		{449726C6-ABD9-4E4A-9E14-55461AEAAFC7}.Release|Any CPU.Build.0 = Release|Any CPU
	EndGlobalSection
	GlobalSection(SolutionProperties) = preSolution
		HideSolutionNode = FALSE
	EndGlobalSection
	GlobalSection(ExtensibilityGlobals) = postSolution
		SolutionGuid = {EFD87270-1201-4DD3-ACF5-1F085EB1B947}
	EndGlobalSection
EndGlobal
