
Microsoft Visual Studio Solution File, Format Version 12.00
# Visual Studio 15
VisualStudioVersion = 15.0.28307.271
MinimumVisualStudioVersion = 10.0.40219.1
Project("{FAE04EC0-301F-11D3-BF4B-00C04F79EFBC}") = "DIGNOSTransactionManagerMonitor_GetTeleParams", "DIGNOSTransactionManagerMonitor_GetTeleParams\DIGNOSTransactionManagerMonitor_GetTeleParams.csproj", "{25B1C8E7-522E-4325-ADB2-6B188C072963}"
EndProject
Global
	GlobalSection(SolutionConfigurationPlatforms) = preSolution
		Debug|Any CPU = Debug|Any CPU
		Release|Any CPU = Release|Any CPU
	EndGlobalSection
	GlobalSection(ProjectConfigurationPlatforms) = postSolution
		{25B1C8E7-522E-4325-ADB2-6B188C072963}.Debug|Any CPU.ActiveCfg = Debug|Any CPU
		{25B1C8E7-522E-4325-ADB2-6B188C072963}.Debug|Any CPU.Build.0 = Debug|Any CPU
		{25B1C8E7-522E-4325-ADB2-6B188C072963}.Release|Any CPU.ActiveCfg = Release|Any CPU
		{25B1C8E7-522E-4325-ADB2-6B188C072963}.Release|Any CPU.Build.0 = Release|Any CPU
	EndGlobalSection
	GlobalSection(SolutionProperties) = preSolution
		HideSolutionNode = FALSE
	EndGlobalSection
	GlobalSection(ExtensibilityGlobals) = postSolution
		SolutionGuid = {57D73EC9-5B6E-4C24-A69B-7E2EA240BE7F}
	EndGlobalSection
EndGlobal
