
Microsoft Visual Studio Solution File, Format Version 12.00
# Visual Studio 15
VisualStudioVersion = 15.0.28307.271
MinimumVisualStudioVersion = 10.0.40219.1
Project("{FAE04EC0-301F-11D3-BF4B-00C04F79EFBC}") = "GmailMessengerClient", "GmailMessengerClient\GmailMessengerClient.csproj", "{BB5936B7-3753-4AD5-B8D0-7CB372D92456}"
EndProject
Global
	GlobalSection(SolutionConfigurationPlatforms) = preSolution
		Debug|Any CPU = Debug|Any CPU
		Release|Any CPU = Release|Any CPU
	EndGlobalSection
	GlobalSection(ProjectConfigurationPlatforms) = postSolution
		{BB5936B7-3753-4AD5-B8D0-7CB372D92456}.Debug|Any CPU.ActiveCfg = Debug|Any CPU
		{BB5936B7-3753-4AD5-B8D0-7CB372D92456}.Debug|Any CPU.Build.0 = Debug|Any CPU
		{BB5936B7-3753-4AD5-B8D0-7CB372D92456}.Release|Any CPU.ActiveCfg = Release|Any CPU
		{BB5936B7-3753-4AD5-B8D0-7CB372D92456}.Release|Any CPU.Build.0 = Release|Any CPU
	EndGlobalSection
	GlobalSection(SolutionProperties) = preSolution
		HideSolutionNode = FALSE
	EndGlobalSection
	GlobalSection(ExtensibilityGlobals) = postSolution
		SolutionGuid = {FD4FC729-59E8-4561-8818-F581BB5F5557}
	EndGlobalSection
EndGlobal
