
Microsoft Visual Studio Solution File, Format Version 12.00
# Visual Studio 15
VisualStudioVersion = 15.0.28307.271
MinimumVisualStudioVersion = 10.0.40219.1
Project("{FAE04EC0-301F-11D3-BF4B-00C04F79EFBC}") = "TraceListenerLogger_CS", "TraceListenerLogger_CS\TraceListenerLogger_CS.csproj", "{2CB73FE0-A913-45C6-8B6C-48B0EEB79F09}"
EndProject
Global
	GlobalSection(SolutionConfigurationPlatforms) = preSolution
		Debug|Any CPU = Debug|Any CPU
		Release|Any CPU = Release|Any CPU
	EndGlobalSection
	GlobalSection(ProjectConfigurationPlatforms) = postSolution
		{2CB73FE0-A913-45C6-8B6C-48B0EEB79F09}.Debug|Any CPU.ActiveCfg = Debug|Any CPU
		{2CB73FE0-A913-45C6-8B6C-48B0EEB79F09}.Debug|Any CPU.Build.0 = Debug|Any CPU
		{2CB73FE0-A913-45C6-8B6C-48B0EEB79F09}.Release|Any CPU.ActiveCfg = Release|Any CPU
		{2CB73FE0-A913-45C6-8B6C-48B0EEB79F09}.Release|Any CPU.Build.0 = Release|Any CPU
	EndGlobalSection
	GlobalSection(SolutionProperties) = preSolution
		HideSolutionNode = FALSE
	EndGlobalSection
	GlobalSection(ExtensibilityGlobals) = postSolution
		SolutionGuid = {EAFE17DB-106E-4A1E-BC3E-16A45D2AA217}
	EndGlobalSection
EndGlobal
